
Microsoft Visual Studio Solution File, Format Version 12.00
# Visual Studio Version 17
VisualStudioVersion = 17.9.34728.123
MinimumVisualStudioVersion = 10.0.40219.1
Project("{FAE04EC0-301F-11D3-BF4B-00C04F79EFBC}") = "functions", "functions\functions.csproj", "{BABBFC27-2125-4BEF-B78A-CD66F077F13E}"
EndProject
Global
	GlobalSection(SolutionConfigurationPlatforms) = preSolution
		Debug|Any CPU = Debug|Any CPU
		Release|Any CPU = Release|Any CPU
	EndGlobalSection
	GlobalSection(ProjectConfigurationPlatforms) = postSolution
		{BABBFC27-2125-4BEF-B78A-CD66F077F13E}.Debug|Any CPU.ActiveCfg = Debug|Any CPU
		{BABBFC27-2125-4BEF-B78A-CD66F077F13E}.Debug|Any CPU.Build.0 = Debug|Any CPU
		{BABBFC27-2125-4BEF-B78A-CD66F077F13E}.Release|Any CPU.ActiveCfg = Release|Any CPU
		{BABBFC27-2125-4BEF-B78A-CD66F077F13E}.Release|Any CPU.Build.0 = Release|Any CPU
	EndGlobalSection
	GlobalSection(SolutionProperties) = preSolution
		HideSolutionNode = FALSE
	EndGlobalSection
	GlobalSection(ExtensibilityGlobals) = postSolution
		SolutionGuid = {69B10361-6C7A-480E-BDE0-CC9EB3AD5A31}
	EndGlobalSection
EndGlobal
